
Microsoft Visual Studio Solution File, Format Version 12.00
# Visual Studio Version 17
VisualStudioVersion = 17.14.36127.28
MinimumVisualStudioVersion = 10.0.40219.1
Project("{FAE04EC0-301F-11D3-BF4B-00C04F79EFBC}") = "CSVProcessor", "CSVProcessor.csproj", "{EA44280C-89A4-4244-A6DA-5D47D9B61A0B}"
EndProject
Project("{FAE04EC0-301F-11D3-BF4B-00C04F79EFBC}") = "CSVProcessor.WorkerService", "..\CSVProcessor.WorkerService\CSVProcessor.WorkerService.csproj", "{C1B2D603-7A51-E1F7-B849-2DB343F3F198}"
EndProject
Project("{FAE04EC0-301F-11D3-BF4B-00C04F79EFBC}") = "CSVProcessor.Share", "..\CSVProcessor.Share\CSVProcessor.Share.csproj", "{E1EB277E-E824-495F-9503-CE480B9D27AA}"
EndProject
Global
	GlobalSection(SolutionConfigurationPlatforms) = preSolution
		Debug|Any CPU = Debug|Any CPU
		Release|Any CPU = Release|Any CPU
	EndGlobalSection
	GlobalSection(ProjectConfigurationPlatforms) = postSolution
		{EA44280C-89A4-4244-A6DA-5D47D9B61A0B}.Debug|Any CPU.ActiveCfg = Debug|Any CPU
		{EA44280C-89A4-4244-A6DA-5D47D9B61A0B}.Debug|Any CPU.Build.0 = Debug|Any CPU
		{EA44280C-89A4-4244-A6DA-5D47D9B61A0B}.Release|Any CPU.ActiveCfg = Release|Any CPU
		{EA44280C-89A4-4244-A6DA-5D47D9B61A0B}.Release|Any CPU.Build.0 = Release|Any CPU
		{C1B2D603-7A51-E1F7-B849-2DB343F3F198}.Debug|Any CPU.ActiveCfg = Debug|Any CPU
		{C1B2D603-7A51-E1F7-B849-2DB343F3F198}.Debug|Any CPU.Build.0 = Debug|Any CPU
		{C1B2D603-7A51-E1F7-B849-2DB343F3F198}.Release|Any CPU.ActiveCfg = Release|Any CPU
		{C1B2D603-7A51-E1F7-B849-2DB343F3F198}.Release|Any CPU.Build.0 = Release|Any CPU
		{E1EB277E-E824-495F-9503-CE480B9D27AA}.Debug|Any CPU.ActiveCfg = Debug|Any CPU
		{E1EB277E-E824-495F-9503-CE480B9D27AA}.Debug|Any CPU.Build.0 = Debug|Any CPU
		{E1EB277E-E824-495F-9503-CE480B9D27AA}.Release|Any CPU.ActiveCfg = Release|Any CPU
		{E1EB277E-E824-495F-9503-CE480B9D27AA}.Release|Any CPU.Build.0 = Release|Any CPU
	EndGlobalSection
	GlobalSection(SolutionProperties) = preSolution
		HideSolutionNode = FALSE
	EndGlobalSection
	GlobalSection(ExtensibilityGlobals) = postSolution
		SolutionGuid = {4808069B-2650-41E4-9CA0-648A1DE947F2}
	EndGlobalSection
EndGlobal
